// !$*UTF8*$!
{
	archiveVersion = 1;
	classes = {
	};
	objectVersion = 50;
	objects = {

/* Begin PBXBuildFile section */
		193898532125F5AF0043B4B5 /* background-main.png in Resources */ = {isa = PBXBuildFile; fileRef = 193898522125F5AF0043B4B5 /* background-main.png */; };
		193898592125FF900043B4B5 /* play.png in Resources */ = {isa = PBXBuildFile; fileRef = 193898582125FF900043B4B5 /* play.png */; };
		1938985B2125FF970043B4B5 /* pause.png in Resources */ = {isa = PBXBuildFile; fileRef = 1938985A2125FF960043B4B5 /* pause.png */; };
		1938985D21260CD20043B4B5 /* InfoRetriever.swift in Sources */ = {isa = PBXBuildFile; fileRef = 1938985C21260CD20043B4B5 /* InfoRetriever.swift */; };
		1938985F21260F020043B4B5 /* NSObject+jsonInit.swift in Sources */ = {isa = PBXBuildFile; fileRef = 1938985E21260F020043B4B5 /* NSObject+jsonInit.swift */; };
		1938986121261A050043B4B5 /* jrk.png in Resources */ = {isa = PBXBuildFile; fileRef = 1938986021261A050043B4B5 /* jrk.png */; };
		193BC969211F81C6004FF315 /* AudioToolbox.framework in Frameworks */ = {isa = PBXBuildFile; fileRef = 193BC968211F81C6004FF315 /* AudioToolbox.framework */; };
		194CC9F12145937A00BF1381 /* JrkPlayer.swift in Sources */ = {isa = PBXBuildFile; fileRef = 194CC9F02145937A00BF1381 /* JrkPlayer.swift */; };
		19C81F16211F527F00BD920E /* AppDelegate.swift in Sources */ = {isa = PBXBuildFile; fileRef = 19C81F15211F527F00BD920E /* AppDelegate.swift */; };
		19C81F18211F527F00BD920E /* ViewController.swift in Sources */ = {isa = PBXBuildFile; fileRef = 19C81F17211F527F00BD920E /* ViewController.swift */; };
		19C81F1B211F527F00BD920E /* Main.storyboard in Resources */ = {isa = PBXBuildFile; fileRef = 19C81F19211F527F00BD920E /* Main.storyboard */; };
		19C81F1D211F528000BD920E /* Assets.xcassets in Resources */ = {isa = PBXBuildFile; fileRef = 19C81F1C211F528000BD920E /* Assets.xcassets */; };
		19C81F20211F528000BD920E /* LaunchScreen.storyboard in Resources */ = {isa = PBXBuildFile; fileRef = 19C81F1E211F528000BD920E /* LaunchScreen.storyboard */; };
		19C81F2B211F528000BD920E /* arrclientTests.swift in Sources */ = {isa = PBXBuildFile; fileRef = 19C81F2A211F528000BD920E /* arrclientTests.swift */; };
		19C81F36211F528000BD920E /* arrclientUITests.swift in Sources */ = {isa = PBXBuildFile; fileRef = 19C81F35211F528000BD920E /* arrclientUITests.swift */; };
		19E986AB212C71A4006A6976 /* AppConfig.swift in Sources */ = {isa = PBXBuildFile; fileRef = 19E986AA212C71A4006A6976 /* AppConfig.swift */; };
		19E986AD212C71E8006A6976 /* TODO.plist in Resources */ = {isa = PBXBuildFile; fileRef = 19E986AC212C71E8006A6976 /* TODO.plist */; };
		19E986AF212C7239006A6976 /* AppConfig.plist in Resources */ = {isa = PBXBuildFile; fileRef = 19E986AE212C7239006A6976 /* AppConfig.plist */; };
		19E986B1212C75B0006A6976 /* URLProvider.swift in Sources */ = {isa = PBXBuildFile; fileRef = 19E986B0212C75B0006A6976 /* URLProvider.swift */; };
/* End PBXBuildFile section */

/* Begin PBXContainerItemProxy section */
		19C81F27211F528000BD920E /* PBXContainerItemProxy */ = {
			isa = PBXContainerItemProxy;
			containerPortal = 19C81F0A211F527F00BD920E /* Project object */;
			proxyType = 1;
			remoteGlobalIDString = 19C81F11211F527F00BD920E;
			remoteInfo = arrclient;
		};
		19C81F32211F528000BD920E /* PBXContainerItemProxy */ = {
			isa = PBXContainerItemProxy;
			containerPortal = 19C81F0A211F527F00BD920E /* Project object */;
			proxyType = 1;
			remoteGlobalIDString = 19C81F11211F527F00BD920E;
			remoteInfo = arrclient;
		};
/* End PBXContainerItemProxy section */

/* Begin PBXFileReference section */
		193898522125F5AF0043B4B5 /* background-main.png */ = {isa = PBXFileReference; lastKnownFileType = image.png; path = "background-main.png"; sourceTree = "<group>"; };
		193898582125FF900043B4B5 /* play.png */ = {isa = PBXFileReference; lastKnownFileType = image.png; name = play.png; path = ../../../../../Downloads/play.png; sourceTree = "<group>"; };
		1938985A2125FF960043B4B5 /* pause.png */ = {isa = PBXFileReference; lastKnownFileType = image.png; name = pause.png; path = ../../../../../Downloads/pause.png; sourceTree = "<group>"; };
		1938985C21260CD20043B4B5 /* InfoRetriever.swift */ = {isa = PBXFileReference; lastKnownFileType = sourcecode.swift; path = InfoRetriever.swift; sourceTree = "<group>"; };
		1938985E21260F020043B4B5 /* NSObject+jsonInit.swift */ = {isa = PBXFileReference; lastKnownFileType = sourcecode.swift; path = "NSObject+jsonInit.swift"; sourceTree = "<group>"; };
		1938986021261A050043B4B5 /* jrk.png */ = {isa = PBXFileReference; lastKnownFileType = image.png; path = jrk.png; sourceTree = "<group>"; };
		193BC966211F81C6004FF315 /* arrclient.entitlements */ = {isa = PBXFileReference; lastKnownFileType = text.plist.entitlements; path = arrclient.entitlements; sourceTree = "<group>"; };
		193BC968211F81C6004FF315 /* AudioToolbox.framework */ = {isa = PBXFileReference; lastKnownFileType = wrapper.framework; name = AudioToolbox.framework; path = System/Library/Frameworks/AudioToolbox.framework; sourceTree = SDKROOT; };
		194CC9F02145937A00BF1381 /* JrkPlayer.swift */ = {isa = PBXFileReference; lastKnownFileType = sourcecode.swift; path = JrkPlayer.swift; sourceTree = "<group>"; };
		19C81F12211F527F00BD920E /* jrkclient.app */ = {isa = PBXFileReference; explicitFileType = wrapper.application; includeInIndex = 0; path = jrkclient.app; sourceTree = BUILT_PRODUCTS_DIR; };
		19C81F15211F527F00BD920E /* AppDelegate.swift */ = {isa = PBXFileReference; lastKnownFileType = sourcecode.swift; path = AppDelegate.swift; sourceTree = "<group>"; };
		19C81F17211F527F00BD920E /* ViewController.swift */ = {isa = PBXFileReference; lastKnownFileType = sourcecode.swift; path = ViewController.swift; sourceTree = "<group>"; };
		19C81F1A211F527F00BD920E /* Base */ = {isa = PBXFileReference; lastKnownFileType = file.storyboard; name = Base; path = Base.lproj/Main.storyboard; sourceTree = "<group>"; };
		19C81F1C211F528000BD920E /* Assets.xcassets */ = {isa = PBXFileReference; lastKnownFileType = folder.assetcatalog; path = Assets.xcassets; sourceTree = "<group>"; };
		19C81F1F211F528000BD920E /* Base */ = {isa = PBXFileReference; lastKnownFileType = file.storyboard; name = Base; path = Base.lproj/LaunchScreen.storyboard; sourceTree = "<group>"; };
		19C81F21211F528000BD920E /* Info.plist */ = {isa = PBXFileReference; lastKnownFileType = text.plist.xml; path = Info.plist; sourceTree = "<group>"; };
		19C81F26211F528000BD920E /* jrkclientTests.xctest */ = {isa = PBXFileReference; explicitFileType = wrapper.cfbundle; includeInIndex = 0; path = jrkclientTests.xctest; sourceTree = BUILT_PRODUCTS_DIR; };
		19C81F2A211F528000BD920E /* arrclientTests.swift */ = {isa = PBXFileReference; lastKnownFileType = sourcecode.swift; path = arrclientTests.swift; sourceTree = "<group>"; };
		19C81F2C211F528000BD920E /* Info.plist */ = {isa = PBXFileReference; lastKnownFileType = text.plist.xml; path = Info.plist; sourceTree = "<group>"; };
		19C81F31211F528000BD920E /* jrkclientUITests.xctest */ = {isa = PBXFileReference; explicitFileType = wrapper.cfbundle; includeInIndex = 0; path = jrkclientUITests.xctest; sourceTree = BUILT_PRODUCTS_DIR; };
		19C81F35211F528000BD920E /* arrclientUITests.swift */ = {isa = PBXFileReference; lastKnownFileType = sourcecode.swift; path = arrclientUITests.swift; sourceTree = "<group>"; };
		19C81F37211F528000BD920E /* Info.plist */ = {isa = PBXFileReference; lastKnownFileType = text.plist.xml; path = Info.plist; sourceTree = "<group>"; };
		19E986AA212C71A4006A6976 /* AppConfig.swift */ = {isa = PBXFileReference; lastKnownFileType = sourcecode.swift; path = AppConfig.swift; sourceTree = "<group>"; };
		19E986AC212C71E8006A6976 /* TODO.plist */ = {isa = PBXFileReference; lastKnownFileType = text.plist.xml; path = TODO.plist; sourceTree = "<group>"; };
		19E986AE212C7239006A6976 /* AppConfig.plist */ = {isa = PBXFileReference; lastKnownFileType = text.plist.xml; path = AppConfig.plist; sourceTree = "<group>"; };
		19E986B0212C75B0006A6976 /* URLProvider.swift */ = {isa = PBXFileReference; lastKnownFileType = sourcecode.swift; path = URLProvider.swift; sourceTree = "<group>"; };
/* End PBXFileReference section */

/* Begin PBXFrameworksBuildPhase section */
		19C81F0F211F527F00BD920E /* Frameworks */ = {
			isa = PBXFrameworksBuildPhase;
			buildActionMask = 2147483647;
			files = (
				193BC969211F81C6004FF315 /* AudioToolbox.framework in Frameworks */,
			);
			runOnlyForDeploymentPostprocessing = 0;
		};
		19C81F23211F528000BD920E /* Frameworks */ = {
			isa = PBXFrameworksBuildPhase;
			buildActionMask = 2147483647;
			files = (
			);
			runOnlyForDeploymentPostprocessing = 0;
		};
		19C81F2E211F528000BD920E /* Frameworks */ = {
			isa = PBXFrameworksBuildPhase;
			buildActionMask = 2147483647;
			files = (
			);
			runOnlyForDeploymentPostprocessing = 0;
		};
/* End PBXFrameworksBuildPhase section */

/* Begin PBXGroup section */
		193898512125F5A10043B4B5 /* assets */ = {
			isa = PBXGroup;
			children = (
				1938986021261A050043B4B5 /* jrk.png */,
				1938985A2125FF960043B4B5 /* pause.png */,
				193898582125FF900043B4B5 /* play.png */,
				193898522125F5AF0043B4B5 /* background-main.png */,
				19E986AC212C71E8006A6976 /* TODO.plist */,
				19E986AE212C7239006A6976 /* AppConfig.plist */,
			);
			path = assets;
			sourceTree = "<group>";
		};
		193BC967211F81C6004FF315 /* Frameworks */ = {
			isa = PBXGroup;
			children = (
				193BC968211F81C6004FF315 /* AudioToolbox.framework */,
			);
			name = Frameworks;
			sourceTree = "<group>";
		};
		194CC9EF2145929200BF1381 /* source */ = {
			isa = PBXGroup;
			children = (
				19C81F15211F527F00BD920E /* AppDelegate.swift */,
				19C81F17211F527F00BD920E /* ViewController.swift */,
				1938985C21260CD20043B4B5 /* InfoRetriever.swift */,
				1938985E21260F020043B4B5 /* NSObject+jsonInit.swift */,
				19E986AA212C71A4006A6976 /* AppConfig.swift */,
				19E986B0212C75B0006A6976 /* URLProvider.swift */,
				194CC9F02145937A00BF1381 /* JrkPlayer.swift */,
			);
			name = source;
			sourceTree = "<group>";
		};
		19C81F09211F527F00BD920E = {
			isa = PBXGroup;
			children = (
				19C81F14211F527F00BD920E /* arrclient */,
				19C81F29211F528000BD920E /* arrclientTests */,
				19C81F34211F528000BD920E /* arrclientUITests */,
				19C81F13211F527F00BD920E /* Products */,
				193BC967211F81C6004FF315 /* Frameworks */,
			);
			sourceTree = "<group>";
		};
		19C81F13211F527F00BD920E /* Products */ = {
			isa = PBXGroup;
			children = (
				19C81F12211F527F00BD920E /* jrkclient.app */,
				19C81F26211F528000BD920E /* jrkclientTests.xctest */,
				19C81F31211F528000BD920E /* jrkclientUITests.xctest */,
			);
			name = Products;
			sourceTree = "<group>";
		};
		19C81F14211F527F00BD920E /* arrclient */ = {
			isa = PBXGroup;
			children = (
				193BC966211F81C6004FF315 /* arrclient.entitlements */,
				194CC9EF2145929200BF1381 /* source */,
				193898512125F5A10043B4B5 /* assets */,
				19C81F19211F527F00BD920E /* Main.storyboard */,
				19C81F1C211F528000BD920E /* Assets.xcassets */,
				19C81F1E211F528000BD920E /* LaunchScreen.storyboard */,
				19C81F21211F528000BD920E /* Info.plist */,
			);
			path = arrclient;
			sourceTree = "<group>";
		};
		19C81F29211F528000BD920E /* arrclientTests */ = {
			isa = PBXGroup;
			children = (
				19C81F2A211F528000BD920E /* arrclientTests.swift */,
				19C81F2C211F528000BD920E /* Info.plist */,
			);
			path = arrclientTests;
			sourceTree = "<group>";
		};
		19C81F34211F528000BD920E /* arrclientUITests */ = {
			isa = PBXGroup;
			children = (
				19C81F35211F528000BD920E /* arrclientUITests.swift */,
				19C81F37211F528000BD920E /* Info.plist */,
			);
			path = arrclientUITests;
			sourceTree = "<group>";
		};
/* End PBXGroup section */

/* Begin PBXNativeTarget section */
		19C81F11211F527F00BD920E /* jrkclient */ = {
			isa = PBXNativeTarget;
			buildConfigurationList = 19C81F3A211F528000BD920E /* Build configuration list for PBXNativeTarget "jrkclient" */;
			buildPhases = (
				19C81F0E211F527F00BD920E /* Sources */,
				19C81F0F211F527F00BD920E /* Frameworks */,
				19C81F10211F527F00BD920E /* Resources */,
			);
			buildRules = (
			);
			dependencies = (
			);
			name = jrkclient;
			productName = arrclient;
			productReference = 19C81F12211F527F00BD920E /* jrkclient.app */;
			productType = "com.apple.product-type.application";
		};
		19C81F25211F528000BD920E /* jrkclientTests */ = {
			isa = PBXNativeTarget;
			buildConfigurationList = 19C81F3D211F528000BD920E /* Build configuration list for PBXNativeTarget "jrkclientTests" */;
			buildPhases = (
				19C81F22211F528000BD920E /* Sources */,
				19C81F23211F528000BD920E /* Frameworks */,
				19C81F24211F528000BD920E /* Resources */,
			);
			buildRules = (
			);
			dependencies = (
				19C81F28211F528000BD920E /* PBXTargetDependency */,
			);
			name = jrkclientTests;
			productName = arrclientTests;
			productReference = 19C81F26211F528000BD920E /* jrkclientTests.xctest */;
			productType = "com.apple.product-type.bundle.unit-test";
		};
		19C81F30211F528000BD920E /* jrkclientUITests */ = {
			isa = PBXNativeTarget;
			buildConfigurationList = 19C81F40211F528000BD920E /* Build configuration list for PBXNativeTarget "jrkclientUITests" */;
			buildPhases = (
				19C81F2D211F528000BD920E /* Sources */,
				19C81F2E211F528000BD920E /* Frameworks */,
				19C81F2F211F528000BD920E /* Resources */,
			);
			buildRules = (
			);
			dependencies = (
				19C81F33211F528000BD920E /* PBXTargetDependency */,
			);
			name = jrkclientUITests;
			productName = arrclientUITests;
			productReference = 19C81F31211F528000BD920E /* jrkclientUITests.xctest */;
			productType = "com.apple.product-type.bundle.ui-testing";
		};
/* End PBXNativeTarget section */

/* Begin PBXProject section */
		19C81F0A211F527F00BD920E /* Project object */ = {
			isa = PBXProject;
			attributes = {
				LastSwiftUpdateCheck = 0940;
				LastUpgradeCheck = 0940;
				ORGANIZATIONNAME = pimms;
				TargetAttributes = {
					19C81F11211F527F00BD920E = {
						CreatedOnToolsVersion = 9.4.1;
						SystemCapabilities = {
							com.apple.BackgroundModes = {
								enabled = 1;
							};
							com.apple.InterAppAudio = {
								enabled = 1;
							};
						};
					};
					19C81F25211F528000BD920E = {
						CreatedOnToolsVersion = 9.4.1;
						TestTargetID = 19C81F11211F527F00BD920E;
					};
					19C81F30211F528000BD920E = {
						CreatedOnToolsVersion = 9.4.1;
						TestTargetID = 19C81F11211F527F00BD920E;
					};
				};
			};
			buildConfigurationList = 19C81F0D211F527F00BD920E /* Build configuration list for PBXProject "jrkclient" */;
			compatibilityVersion = "Xcode 9.3";
			developmentRegion = en;
			hasScannedForEncodings = 0;
			knownRegions = (
				en,
				Base,
			);
			mainGroup = 19C81F09211F527F00BD920E;
			productRefGroup = 19C81F13211F527F00BD920E /* Products */;
			projectDirPath = "";
			projectRoot = "";
			targets = (
				19C81F11211F527F00BD920E /* jrkclient */,
				19C81F25211F528000BD920E /* jrkclientTests */,
				19C81F30211F528000BD920E /* jrkclientUITests */,
			);
		};
/* End PBXProject section */

/* Begin PBXResourcesBuildPhase section */
		19C81F10211F527F00BD920E /* Resources */ = {
			isa = PBXResourcesBuildPhase;
			buildActionMask = 2147483647;
			files = (
				19E986AF212C7239006A6976 /* AppConfig.plist in Resources */,
				193898592125FF900043B4B5 /* play.png in Resources */,
				19C81F20211F528000BD920E /* LaunchScreen.storyboard in Resources */,
				19E986AD212C71E8006A6976 /* TODO.plist in Resources */,
				1938985B2125FF970043B4B5 /* pause.png in Resources */,
				193898532125F5AF0043B4B5 /* background-main.png in Resources */,
				19C81F1D211F528000BD920E /* Assets.xcassets in Resources */,
				19C81F1B211F527F00BD920E /* Main.storyboard in Resources */,
				1938986121261A050043B4B5 /* jrk.png in Resources */,
			);
			runOnlyForDeploymentPostprocessing = 0;
		};
		19C81F24211F528000BD920E /* Resources */ = {
			isa = PBXResourcesBuildPhase;
			buildActionMask = 2147483647;
			files = (
			);
			runOnlyForDeploymentPostprocessing = 0;
		};
		19C81F2F211F528000BD920E /* Resources */ = {
			isa = PBXResourcesBuildPhase;
			buildActionMask = 2147483647;
			files = (
			);
			runOnlyForDeploymentPostprocessing = 0;
		};
/* End PBXResourcesBuildPhase section */

/* Begin PBXSourcesBuildPhase section */
		19C81F0E211F527F00BD920E /* Sources */ = {
			isa = PBXSourcesBuildPhase;
			buildActionMask = 2147483647;
			files = (
				1938985D21260CD20043B4B5 /* InfoRetriever.swift in Sources */,
				19E986AB212C71A4006A6976 /* AppConfig.swift in Sources */,
				19E986B1212C75B0006A6976 /* URLProvider.swift in Sources */,
				19C81F18211F527F00BD920E /* ViewController.swift in Sources */,
				19C81F16211F527F00BD920E /* AppDelegate.swift in Sources */,
				1938985F21260F020043B4B5 /* NSObject+jsonInit.swift in Sources */,
				194CC9F12145937A00BF1381 /* JrkPlayer.swift in Sources */,
			);
			runOnlyForDeploymentPostprocessing = 0;
		};
		19C81F22211F528000BD920E /* Sources */ = {
			isa = PBXSourcesBuildPhase;
			buildActionMask = 2147483647;
			files = (
				19C81F2B211F528000BD920E /* arrclientTests.swift in Sources */,
			);
			runOnlyForDeploymentPostprocessing = 0;
		};
		19C81F2D211F528000BD920E /* Sources */ = {
			isa = PBXSourcesBuildPhase;
			buildActionMask = 2147483647;
			files = (
				19C81F36211F528000BD920E /* arrclientUITests.swift in Sources */,
			);
			runOnlyForDeploymentPostprocessing = 0;
		};
/* End PBXSourcesBuildPhase section */

/* Begin PBXTargetDependency section */
		19C81F28211F528000BD920E /* PBXTargetDependency */ = {
			isa = PBXTargetDependency;
			target = 19C81F11211F527F00BD920E /* jrkclient */;
			targetProxy = 19C81F27211F528000BD920E /* PBXContainerItemProxy */;
		};
		19C81F33211F528000BD920E /* PBXTargetDependency */ = {
			isa = PBXTargetDependency;
			target = 19C81F11211F527F00BD920E /* jrkclient */;
			targetProxy = 19C81F32211F528000BD920E /* PBXContainerItemProxy */;
		};
/* End PBXTargetDependency section */

/* Begin PBXVariantGroup section */
		19C81F19211F527F00BD920E /* Main.storyboard */ = {
			isa = PBXVariantGroup;
			children = (
				19C81F1A211F527F00BD920E /* Base */,
			);
			name = Main.storyboard;
			sourceTree = "<group>";
		};
		19C81F1E211F528000BD920E /* LaunchScreen.storyboard */ = {
			isa = PBXVariantGroup;
			children = (
				19C81F1F211F528000BD920E /* Base */,
			);
			name = LaunchScreen.storyboard;
			sourceTree = "<group>";
		};
/* End PBXVariantGroup section */

/* Begin XCBuildConfiguration section */
		19C81F38211F528000BD920E /* Debug */ = {
			isa = XCBuildConfiguration;
			buildSettings = {
				ALWAYS_SEARCH_USER_PATHS = NO;
				CLANG_ANALYZER_NONNULL = YES;
				CLANG_ANALYZER_NUMBER_OBJECT_CONVERSION = YES_AGGRESSIVE;
				CLANG_CXX_LANGUAGE_STANDARD = "gnu++14";
				CLANG_CXX_LIBRARY = "libc++";
				CLANG_ENABLE_MODULES = YES;
				CLANG_ENABLE_OBJC_ARC = YES;
				CLANG_ENABLE_OBJC_WEAK = YES;
				CLANG_WARN_BLOCK_CAPTURE_AUTORELEASING = YES;
				CLANG_WARN_BOOL_CONVERSION = YES;
				CLANG_WARN_COMMA = YES;
				CLANG_WARN_CONSTANT_CONVERSION = YES;
				CLANG_WARN_DEPRECATED_OBJC_IMPLEMENTATIONS = YES;
				CLANG_WARN_DIRECT_OBJC_ISA_USAGE = YES_ERROR;
				CLANG_WARN_DOCUMENTATION_COMMENTS = YES;
				CLANG_WARN_EMPTY_BODY = YES;
				CLANG_WARN_ENUM_CONVERSION = YES;
				CLANG_WARN_INFINITE_RECURSION = YES;
				CLANG_WARN_INT_CONVERSION = YES;
				CLANG_WARN_NON_LITERAL_NULL_CONVERSION = YES;
				CLANG_WARN_OBJC_IMPLICIT_RETAIN_SELF = YES;
				CLANG_WARN_OBJC_LITERAL_CONVERSION = YES;
				CLANG_WARN_OBJC_ROOT_CLASS = YES_ERROR;
				CLANG_WARN_RANGE_LOOP_ANALYSIS = YES;
				CLANG_WARN_STRICT_PROTOTYPES = YES;
				CLANG_WARN_SUSPICIOUS_MOVE = YES;
				CLANG_WARN_UNGUARDED_AVAILABILITY = YES_AGGRESSIVE;
				CLANG_WARN_UNREACHABLE_CODE = YES;
				CLANG_WARN__DUPLICATE_METHOD_MATCH = YES;
				CODE_SIGN_IDENTITY = "iPhone Developer";
				COPY_PHASE_STRIP = NO;
				DEBUG_INFORMATION_FORMAT = dwarf;
				ENABLE_STRICT_OBJC_MSGSEND = YES;
				ENABLE_TESTABILITY = YES;
				GCC_C_LANGUAGE_STANDARD = gnu11;
				GCC_DYNAMIC_NO_PIC = NO;
				GCC_NO_COMMON_BLOCKS = YES;
				GCC_OPTIMIZATION_LEVEL = 0;
				GCC_PREPROCESSOR_DEFINITIONS = (
					"DEBUG=1",
					"$(inherited)",
				);
				GCC_WARN_64_TO_32_BIT_CONVERSION = YES;
				GCC_WARN_ABOUT_RETURN_TYPE = YES_ERROR;
				GCC_WARN_UNDECLARED_SELECTOR = YES;
				GCC_WARN_UNINITIALIZED_AUTOS = YES_AGGRESSIVE;
				GCC_WARN_UNUSED_FUNCTION = YES;
				GCC_WARN_UNUSED_VARIABLE = YES;
				IPHONEOS_DEPLOYMENT_TARGET = 11.4;
				MTL_ENABLE_DEBUG_INFO = YES;
				ONLY_ACTIVE_ARCH = YES;
				SDKROOT = iphoneos;
				SWIFT_ACTIVE_COMPILATION_CONDITIONS = DEBUG;
				SWIFT_OPTIMIZATION_LEVEL = "-Onone";
			};
			name = Debug;
		};
		19C81F39211F528000BD920E /* Release */ = {
			isa = XCBuildConfiguration;
			buildSettings = {
				ALWAYS_SEARCH_USER_PATHS = NO;
				CLANG_ANALYZER_NONNULL = YES;
				CLANG_ANALYZER_NUMBER_OBJECT_CONVERSION = YES_AGGRESSIVE;
				CLANG_CXX_LANGUAGE_STANDARD = "gnu++14";
				CLANG_CXX_LIBRARY = "libc++";
				CLANG_ENABLE_MODULES = YES;
				CLANG_ENABLE_OBJC_ARC = YES;
				CLANG_ENABLE_OBJC_WEAK = YES;
				CLANG_WARN_BLOCK_CAPTURE_AUTORELEASING = YES;
				CLANG_WARN_BOOL_CONVERSION = YES;
				CLANG_WARN_COMMA = YES;
				CLANG_WARN_CONSTANT_CONVERSION = YES;
				CLANG_WARN_DEPRECATED_OBJC_IMPLEMENTATIONS = YES;
				CLANG_WARN_DIRECT_OBJC_ISA_USAGE = YES_ERROR;
				CLANG_WARN_DOCUMENTATION_COMMENTS = YES;
				CLANG_WARN_EMPTY_BODY = YES;
				CLANG_WARN_ENUM_CONVERSION = YES;
				CLANG_WARN_INFINITE_RECURSION = YES;
				CLANG_WARN_INT_CONVERSION = YES;
				CLANG_WARN_NON_LITERAL_NULL_CONVERSION = YES;
				CLANG_WARN_OBJC_IMPLICIT_RETAIN_SELF = YES;
				CLANG_WARN_OBJC_LITERAL_CONVERSION = YES;
				CLANG_WARN_OBJC_ROOT_CLASS = YES_ERROR;
				CLANG_WARN_RANGE_LOOP_ANALYSIS = YES;
				CLANG_WARN_STRICT_PROTOTYPES = YES;
				CLANG_WARN_SUSPICIOUS_MOVE = YES;
				CLANG_WARN_UNGUARDED_AVAILABILITY = YES_AGGRESSIVE;
				CLANG_WARN_UNREACHABLE_CODE = YES;
				CLANG_WARN__DUPLICATE_METHOD_MATCH = YES;
				CODE_SIGN_IDENTITY = "iPhone Developer";
				COPY_PHASE_STRIP = NO;
				DEBUG_INFORMATION_FORMAT = "dwarf-with-dsym";
				ENABLE_NS_ASSERTIONS = NO;
				ENABLE_STRICT_OBJC_MSGSEND = YES;
				GCC_C_LANGUAGE_STANDARD = gnu11;
				GCC_NO_COMMON_BLOCKS = YES;
				GCC_WARN_64_TO_32_BIT_CONVERSION = YES;
				GCC_WARN_ABOUT_RETURN_TYPE = YES_ERROR;
				GCC_WARN_UNDECLARED_SELECTOR = YES;
				GCC_WARN_UNINITIALIZED_AUTOS = YES_AGGRESSIVE;
				GCC_WARN_UNUSED_FUNCTION = YES;
				GCC_WARN_UNUSED_VARIABLE = YES;
				IPHONEOS_DEPLOYMENT_TARGET = 11.4;
				MTL_ENABLE_DEBUG_INFO = NO;
				SDKROOT = iphoneos;
				SWIFT_COMPILATION_MODE = wholemodule;
				SWIFT_OPTIMIZATION_LEVEL = "-O";
				VALIDATE_PRODUCT = YES;
			};
			name = Release;
		};
		19C81F3B211F528000BD920E /* Debug */ = {
			isa = XCBuildConfiguration;
			buildSettings = {
				ASSETCATALOG_COMPILER_APPICON_NAME = AppIcon;
				CODE_SIGN_ENTITLEMENTS = arrclient/arrclient.entitlements;
				CODE_SIGN_STYLE = Automatic;
				DEVELOPMENT_TEAM = WSQ25TFDK3;
				INFOPLIST_FILE = arrclient/Info.plist;
				LD_RUNPATH_SEARCH_PATHS = (
					"$(inherited)",
					"@executable_path/Frameworks",
				);
				PRODUCT_BUNDLE_IDENTIFIER = no.jstien.arrclient;
				PRODUCT_NAME = "$(TARGET_NAME)";
				SWIFT_VERSION = 4.0;
				TARGETED_DEVICE_FAMILY = "1,2";
			};
			name = Debug;
		};
		19C81F3C211F528000BD920E /* Release */ = {
			isa = XCBuildConfiguration;
			buildSettings = {
				ASSETCATALOG_COMPILER_APPICON_NAME = AppIcon;
				CODE_SIGN_ENTITLEMENTS = arrclient/arrclient.entitlements;
				CODE_SIGN_STYLE = Automatic;
				DEVELOPMENT_TEAM = WSQ25TFDK3;
				INFOPLIST_FILE = arrclient/Info.plist;
				LD_RUNPATH_SEARCH_PATHS = (
					"$(inherited)",
					"@executable_path/Frameworks",
				);
				PRODUCT_BUNDLE_IDENTIFIER = no.jstien.arrclient;
				PRODUCT_NAME = "$(TARGET_NAME)";
				SWIFT_VERSION = 4.0;
				TARGETED_DEVICE_FAMILY = "1,2";
			};
			name = Release;
		};
		19C81F3E211F528000BD920E /* Debug */ = {
			isa = XCBuildConfiguration;
			buildSettings = {
				ALWAYS_EMBED_SWIFT_STANDARD_LIBRARIES = YES;
				BUNDLE_LOADER = "$(TEST_HOST)";
				CODE_SIGN_STYLE = Automatic;
				INFOPLIST_FILE = arrclientTests/Info.plist;
				LD_RUNPATH_SEARCH_PATHS = (
					"$(inherited)",
					"@executable_path/Frameworks",
					"@loader_path/Frameworks",
				);
				PRODUCT_BUNDLE_IDENTIFIER = no.jstien.arrclientTests;
				PRODUCT_NAME = "$(TARGET_NAME)";
				SWIFT_VERSION = 4.0;
				TARGETED_DEVICE_FAMILY = "1,2";
				TEST_HOST = "$(BUILT_PRODUCTS_DIR)/jrkclient.app/jrkclient";
			};
			name = Debug;
		};
		19C81F3F211F528000BD920E /* Release */ = {
			isa = XCBuildConfiguration;
			buildSettings = {
				ALWAYS_EMBED_SWIFT_STANDARD_LIBRARIES = YES;
				BUNDLE_LOADER = "$(TEST_HOST)";
				CODE_SIGN_STYLE = Automatic;
				INFOPLIST_FILE = arrclientTests/Info.plist;
				LD_RUNPATH_SEARCH_PATHS = (
					"$(inherited)",
					"@executable_path/Frameworks",
					"@loader_path/Frameworks",
				);
				PRODUCT_BUNDLE_IDENTIFIER = no.jstien.arrclientTests;
				PRODUCT_NAME = "$(TARGET_NAME)";
				SWIFT_VERSION = 4.0;
				TARGETED_DEVICE_FAMILY = "1,2";
				TEST_HOST = "$(BUILT_PRODUCTS_DIR)/jrkclient.app/jrkclient";
			};
			name = Release;
		};
		19C81F41211F528000BD920E /* Debug */ = {
			isa = XCBuildConfiguration;
			buildSettings = {
				ALWAYS_EMBED_SWIFT_STANDARD_LIBRARIES = YES;
				CODE_SIGN_STYLE = Automatic;
				INFOPLIST_FILE = arrclientUITests/Info.plist;
				LD_RUNPATH_SEARCH_PATHS = (
					"$(inherited)",
					"@executable_path/Frameworks",
					"@loader_path/Frameworks",
				);
				PRODUCT_BUNDLE_IDENTIFIER = no.jstien.arrclientUITests;
				PRODUCT_NAME = "$(TARGET_NAME)";
				SWIFT_VERSION = 4.0;
				TARGETED_DEVICE_FAMILY = "1,2";
				TEST_TARGET_NAME = arrclient;
			};
			name = Debug;
		};
		19C81F42211F528000BD920E /* Release */ = {
			isa = XCBuildConfiguration;
			buildSettings = {
				ALWAYS_EMBED_SWIFT_STANDARD_LIBRARIES = YES;
				CODE_SIGN_STYLE = Automatic;
				INFOPLIST_FILE = arrclientUITests/Info.plist;
				LD_RUNPATH_SEARCH_PATHS = (
					"$(inherited)",
					"@executable_path/Frameworks",
					"@loader_path/Frameworks",
				);
				PRODUCT_BUNDLE_IDENTIFIER = no.jstien.arrclientUITests;
				PRODUCT_NAME = "$(TARGET_NAME)";
				SWIFT_VERSION = 4.0;
				TARGETED_DEVICE_FAMILY = "1,2";
				TEST_TARGET_NAME = arrclient;
			};
			name = Release;
		};
/* End XCBuildConfiguration section */

/* Begin XCConfigurationList section */
		19C81F0D211F527F00BD920E /* Build configuration list for PBXProject "jrkclient" */ = {
			isa = XCConfigurationList;
			buildConfigurations = (
				19C81F38211F528000BD920E /* Debug */,
				19C81F39211F528000BD920E /* Release */,
			);
			defaultConfigurationIsVisible = 0;
			defaultConfigurationName = Release;
		};
		19C81F3A211F528000BD920E /* Build configuration list for PBXNativeTarget "jrkclient" */ = {
			isa = XCConfigurationList;
			buildConfigurations = (
				19C81F3B211F528000BD920E /* Debug */,
				19C81F3C211F528000BD920E /* Release */,
			);
			defaultConfigurationIsVisible = 0;
			defaultConfigurationName = Release;
		};
		19C81F3D211F528000BD920E /* Build configuration list for PBXNativeTarget "jrkclientTests" */ = {
			isa = XCConfigurationList;
			buildConfigurations = (
				19C81F3E211F528000BD920E /* Debug */,
				19C81F3F211F528000BD920E /* Release */,
			);
			defaultConfigurationIsVisible = 0;
			defaultConfigurationName = Release;
		};
		19C81F40211F528000BD920E /* Build configuration list for PBXNativeTarget "jrkclientUITests" */ = {
			isa = XCConfigurationList;
			buildConfigurations = (
				19C81F41211F528000BD920E /* Debug */,
				19C81F42211F528000BD920E /* Release */,
			);
			defaultConfigurationIsVisible = 0;
			defaultConfigurationName = Release;
		};
/* End XCConfigurationList section */
	};
	rootObject = 19C81F0A211F527F00BD920E /* Project object */;
}
