// !$*UTF8*$!
{
	archiveVersion = 1;
	classes = {
	};
	objectVersion = 50;
	objects = {

/* Begin PBXBuildFile section */
		1915514A214EBE4C0029AC79 /* NowPlayingConfiguration.swift in Sources */ = {isa = PBXBuildFile; fileRef = 19155149214EBE4C0029AC79 /* NowPlayingConfiguration.swift */; };
		1915514C214ECA620029AC79 /* NowPlayingData.swift in Sources */ = {isa = PBXBuildFile; fileRef = 1915514B214ECA620029AC79 /* NowPlayingData.swift */; };
		1915514E214ED2160029AC79 /* EventIDs.swift in Sources */ = {isa = PBXBuildFile; fileRef = 1915514D214ED2160029AC79 /* EventIDs.swift */; };
		1920491F215658500093352C /* WatchSessionHandler.swift in Sources */ = {isa = PBXBuildFile; fileRef = 1920491E215658500093352C /* WatchSessionHandler.swift */; };
		193656322168BD9300470BC7 /* EventLog.swift in Sources */ = {isa = PBXBuildFile; fileRef = 193656312168BD9300470BC7 /* EventLog.swift */; };
		193656342168C57D00470BC7 /* EventLogViewController.swift in Sources */ = {isa = PBXBuildFile; fileRef = 193656332168C57D00470BC7 /* EventLogViewController.swift */; };
		19365636216915E800470BC7 /* PlayHistoryViewController.swift in Sources */ = {isa = PBXBuildFile; fileRef = 19365635216915E800470BC7 /* PlayHistoryViewController.swift */; };
		1938985D21260CD20043B4B5 /* InfoRetriever.swift in Sources */ = {isa = PBXBuildFile; fileRef = 1938985C21260CD20043B4B5 /* InfoRetriever.swift */; };
		1938985F21260F020043B4B5 /* NSObject+jsonInit.swift in Sources */ = {isa = PBXBuildFile; fileRef = 1938985E21260F020043B4B5 /* NSObject+jsonInit.swift */; };
		1938986121261A050043B4B5 /* jrk.png in Resources */ = {isa = PBXBuildFile; fileRef = 1938986021261A050043B4B5 /* jrk.png */; };
		193BC969211F81C6004FF315 /* AudioToolbox.framework in Frameworks */ = {isa = PBXBuildFile; fileRef = 193BC968211F81C6004FF315 /* AudioToolbox.framework */; };
		19488D092153FAAB00E79ED1 /* Intents.framework in Frameworks */ = {isa = PBXBuildFile; fileRef = 19488D082153FAAA00E79ED1 /* Intents.framework */; };
		19488D102156278600E79ED1 /* Interface.storyboard in Resources */ = {isa = PBXBuildFile; fileRef = 19488D0E2156278600E79ED1 /* Interface.storyboard */; };
		19488D122156278800E79ED1 /* Assets.xcassets in Resources */ = {isa = PBXBuildFile; fileRef = 19488D112156278800E79ED1 /* Assets.xcassets */; };
		19488D192156278900E79ED1 /* watch extension.appex in Embed App Extensions */ = {isa = PBXBuildFile; fileRef = 19488D182156278900E79ED1 /* watch extension.appex */; settings = {ATTRIBUTES = (RemoveHeadersOnCopy, ); }; };
		19488D1E2156278900E79ED1 /* InterfaceController.swift in Sources */ = {isa = PBXBuildFile; fileRef = 19488D1D2156278900E79ED1 /* InterfaceController.swift */; };
		19488D202156278900E79ED1 /* ExtensionDelegate.swift in Sources */ = {isa = PBXBuildFile; fileRef = 19488D1F2156278900E79ED1 /* ExtensionDelegate.swift */; };
		19488D222156278900E79ED1 /* ComplicationController.swift in Sources */ = {isa = PBXBuildFile; fileRef = 19488D212156278900E79ED1 /* ComplicationController.swift */; };
		19488D242156278900E79ED1 /* Assets.xcassets in Resources */ = {isa = PBXBuildFile; fileRef = 19488D232156278900E79ED1 /* Assets.xcassets */; };
		19488D282156278900E79ED1 /* watch.app in Embed Watch Content */ = {isa = PBXBuildFile; fileRef = 19488D0C2156278600E79ED1 /* watch.app */; };
		194CC9F12145937A00BF1381 /* JrkPlayer.swift in Sources */ = {isa = PBXBuildFile; fileRef = 194CC9F02145937A00BF1381 /* JrkPlayer.swift */; };
		194CC9F62146FF9F00BF1381 /* AVPlayer+isPlaying.swift in Sources */ = {isa = PBXBuildFile; fileRef = 194CC9F52146FF9F00BF1381 /* AVPlayer+isPlaying.swift */; };
		1951E5D92163C84100637ECD /* roi-splash-split-l.png in Resources */ = {isa = PBXBuildFile; fileRef = 1951E5D82163C84100637ECD /* roi-splash-split-l.png */; };
		1951E5DB2163C84A00637ECD /* roi-splash-split-r.png in Resources */ = {isa = PBXBuildFile; fileRef = 1951E5DA2163C84A00637ECD /* roi-splash-split-r.png */; };
		1951E5DD2163EDE200637ECD /* SplitSplashView.swift in Sources */ = {isa = PBXBuildFile; fileRef = 1951E5DC2163EDE200637ECD /* SplitSplashView.swift */; };
		195A8757215817A400C8F74D /* ConnectViewController.swift in Sources */ = {isa = PBXBuildFile; fileRef = 195A8756215817A400C8F74D /* ConnectViewController.swift */; };
		195A875B21595C8700C8F74D /* StreamContext.swift in Sources */ = {isa = PBXBuildFile; fileRef = 195A875A21595C8700C8F74D /* StreamContext.swift */; };
		195A875D2159641700C8F74D /* StreamConfig.swift in Sources */ = {isa = PBXBuildFile; fileRef = 195A875C2159641700C8F74D /* StreamConfig.swift */; };
		195A876021596E4D00C8F74D /* Data+toMap.swift in Sources */ = {isa = PBXBuildFile; fileRef = 195A875F21596E4D00C8F74D /* Data+toMap.swift */; };
		195A87622159755B00C8F74D /* URLSession+synchronous.swift in Sources */ = {isa = PBXBuildFile; fileRef = 195A87612159755B00C8F74D /* URLSession+synchronous.swift */; };
		197AD012215C1894009BF079 /* UserDefaults+integer.swift in Sources */ = {isa = PBXBuildFile; fileRef = 197AD011215C1894009BF079 /* UserDefaults+integer.swift */; };
		197E8E71215AD30300154A23 /* WeakRef.swift in Sources */ = {isa = PBXBuildFile; fileRef = 197E8E70215AD30300154A23 /* WeakRef.swift */; };
		19BA9DA3214AEA4200BD31D6 /* BufferIndicatorView.swift in Sources */ = {isa = PBXBuildFile; fileRef = 19BA9DA2214AEA4200BD31D6 /* BufferIndicatorView.swift */; };
		19BA9DA5214AEDA600BD31D6 /* PlayButton.swift in Sources */ = {isa = PBXBuildFile; fileRef = 19BA9DA4214AEDA600BD31D6 /* PlayButton.swift */; };
		19BF64FD214E9813004DD3C9 /* MainViewController.swift in Sources */ = {isa = PBXBuildFile; fileRef = 19BF64FC214E9813004DD3C9 /* MainViewController.swift */; };
		19BF6501214EA22D004DD3C9 /* ConfigViewController.swift in Sources */ = {isa = PBXBuildFile; fileRef = 19BF6500214EA22D004DD3C9 /* ConfigViewController.swift */; };
		19C81F16211F527F00BD920E /* AppDelegate.swift in Sources */ = {isa = PBXBuildFile; fileRef = 19C81F15211F527F00BD920E /* AppDelegate.swift */; };
		19C81F18211F527F00BD920E /* RadioViewController.swift in Sources */ = {isa = PBXBuildFile; fileRef = 19C81F17211F527F00BD920E /* RadioViewController.swift */; };
		19C81F1B211F527F00BD920E /* Main.storyboard in Resources */ = {isa = PBXBuildFile; fileRef = 19C81F19211F527F00BD920E /* Main.storyboard */; };
		19C81F1D211F528000BD920E /* Assets.xcassets in Resources */ = {isa = PBXBuildFile; fileRef = 19C81F1C211F528000BD920E /* Assets.xcassets */; };
		19C81F20211F528000BD920E /* LaunchScreen.storyboard in Resources */ = {isa = PBXBuildFile; fileRef = 19C81F1E211F528000BD920E /* LaunchScreen.storyboard */; };
		19E986AB212C71A4006A6976 /* AppConfig.swift in Sources */ = {isa = PBXBuildFile; fileRef = 19E986AA212C71A4006A6976 /* AppConfig.swift */; };
		19E986B1212C75B0006A6976 /* URLProvider.swift in Sources */ = {isa = PBXBuildFile; fileRef = 19E986B0212C75B0006A6976 /* URLProvider.swift */; };
		51C821E2396D364811178F9A /* Pods_roiclient.framework in Frameworks */ = {isa = PBXBuildFile; fileRef = B0269AE7561661DC03A740E0 /* Pods_roiclient.framework */; };
		94D804800830664705095770 /* Pods_roiclient.framework in Frameworks */ = {isa = PBXBuildFile; fileRef = AF366E48BB30161F3C368A98 /* Pods_roiclient.framework */; };
/* End PBXBuildFile section */

/* Begin PBXContainerItemProxy section */
		19488D1A2156278900E79ED1 /* PBXContainerItemProxy */ = {
			isa = PBXContainerItemProxy;
			containerPortal = 19C81F0A211F527F00BD920E /* Project object */;
			proxyType = 1;
			remoteGlobalIDString = 19488D172156278900E79ED1;
			remoteInfo = "watchapp Extension";
		};
		19488D262156278900E79ED1 /* PBXContainerItemProxy */ = {
			isa = PBXContainerItemProxy;
			containerPortal = 19C81F0A211F527F00BD920E /* Project object */;
			proxyType = 1;
			remoteGlobalIDString = 19488D0B2156278600E79ED1;
			remoteInfo = watchapp;
		};
/* End PBXContainerItemProxy section */

/* Begin PBXCopyFilesBuildPhase section */
		19488D2C2156278900E79ED1 /* Embed App Extensions */ = {
			isa = PBXCopyFilesBuildPhase;
			buildActionMask = 2147483647;
			dstPath = "";
			dstSubfolderSpec = 13;
			files = (
				19488D192156278900E79ED1 /* watch extension.appex in Embed App Extensions */,
			);
			name = "Embed App Extensions";
			runOnlyForDeploymentPostprocessing = 0;
		};
		19488D302156278900E79ED1 /* Embed Watch Content */ = {
			isa = PBXCopyFilesBuildPhase;
			buildActionMask = 2147483647;
			dstPath = "$(CONTENTS_FOLDER_PATH)/Watch";
			dstSubfolderSpec = 16;
			files = (
				19488D282156278900E79ED1 /* watch.app in Embed Watch Content */,
			);
			name = "Embed Watch Content";
			runOnlyForDeploymentPostprocessing = 0;
		};
/* End PBXCopyFilesBuildPhase section */

/* Begin PBXFileReference section */
		0DB9E496FA0AE64F874ABD8E /* Pods-roiclient.release.xcconfig */ = {isa = PBXFileReference; includeInIndex = 1; lastKnownFileType = text.xcconfig; name = "Pods-roiclient.release.xcconfig"; path = "Pods/Target Support Files/Pods-roiclient/Pods-roiclient.release.xcconfig"; sourceTree = "<group>"; };
		17BEA54544436B6E3E0C0E14 /* Pods-roiclient.debug.xcconfig */ = {isa = PBXFileReference; includeInIndex = 1; lastKnownFileType = text.xcconfig; name = "Pods-roiclient.debug.xcconfig"; path = "Pods/Target Support Files/Pods-roiclient/Pods-roiclient.debug.xcconfig"; sourceTree = "<group>"; };
		19155149214EBE4C0029AC79 /* NowPlayingConfiguration.swift */ = {isa = PBXFileReference; lastKnownFileType = sourcecode.swift; path = NowPlayingConfiguration.swift; sourceTree = "<group>"; };
		1915514B214ECA620029AC79 /* NowPlayingData.swift */ = {isa = PBXFileReference; lastKnownFileType = sourcecode.swift; path = NowPlayingData.swift; sourceTree = "<group>"; };
		1915514D214ED2160029AC79 /* EventIDs.swift */ = {isa = PBXFileReference; lastKnownFileType = sourcecode.swift; path = EventIDs.swift; sourceTree = "<group>"; };
		1920491E215658500093352C /* WatchSessionHandler.swift */ = {isa = PBXFileReference; lastKnownFileType = sourcecode.swift; path = WatchSessionHandler.swift; sourceTree = "<group>"; };
		193656312168BD9300470BC7 /* EventLog.swift */ = {isa = PBXFileReference; lastKnownFileType = sourcecode.swift; path = EventLog.swift; sourceTree = "<group>"; };
		193656332168C57D00470BC7 /* EventLogViewController.swift */ = {isa = PBXFileReference; lastKnownFileType = sourcecode.swift; path = EventLogViewController.swift; sourceTree = "<group>"; };
		19365635216915E800470BC7 /* PlayHistoryViewController.swift */ = {isa = PBXFileReference; lastKnownFileType = sourcecode.swift; path = PlayHistoryViewController.swift; sourceTree = "<group>"; };
		1938985C21260CD20043B4B5 /* InfoRetriever.swift */ = {isa = PBXFileReference; lastKnownFileType = sourcecode.swift; path = InfoRetriever.swift; sourceTree = "<group>"; };
		1938985E21260F020043B4B5 /* NSObject+jsonInit.swift */ = {isa = PBXFileReference; lastKnownFileType = sourcecode.swift; path = "NSObject+jsonInit.swift"; sourceTree = "<group>"; };
		1938986021261A050043B4B5 /* jrk.png */ = {isa = PBXFileReference; lastKnownFileType = image.png; path = jrk.png; sourceTree = "<group>"; };
		193BC966211F81C6004FF315 /* client.entitlements */ = {isa = PBXFileReference; lastKnownFileType = text.plist.entitlements; path = client.entitlements; sourceTree = "<group>"; };
		193BC968211F81C6004FF315 /* AudioToolbox.framework */ = {isa = PBXFileReference; lastKnownFileType = wrapper.framework; name = AudioToolbox.framework; path = System/Library/Frameworks/AudioToolbox.framework; sourceTree = SDKROOT; };
		19488D082153FAAA00E79ED1 /* Intents.framework */ = {isa = PBXFileReference; lastKnownFileType = wrapper.framework; name = Intents.framework; path = System/Library/Frameworks/Intents.framework; sourceTree = SDKROOT; };
		19488D0C2156278600E79ED1 /* watch.app */ = {isa = PBXFileReference; explicitFileType = wrapper.application; includeInIndex = 0; path = watch.app; sourceTree = BUILT_PRODUCTS_DIR; };
		19488D0F2156278600E79ED1 /* Base */ = {isa = PBXFileReference; lastKnownFileType = file.storyboard; name = Base; path = Base.lproj/Interface.storyboard; sourceTree = "<group>"; };
		19488D112156278800E79ED1 /* Assets.xcassets */ = {isa = PBXFileReference; lastKnownFileType = folder.assetcatalog; path = Assets.xcassets; sourceTree = "<group>"; };
		19488D132156278800E79ED1 /* Info.plist */ = {isa = PBXFileReference; lastKnownFileType = text.plist.xml; path = Info.plist; sourceTree = "<group>"; };
		19488D182156278900E79ED1 /* watch extension.appex */ = {isa = PBXFileReference; explicitFileType = "wrapper.app-extension"; includeInIndex = 0; path = "watch extension.appex"; sourceTree = BUILT_PRODUCTS_DIR; };
		19488D1D2156278900E79ED1 /* InterfaceController.swift */ = {isa = PBXFileReference; lastKnownFileType = sourcecode.swift; path = InterfaceController.swift; sourceTree = "<group>"; };
		19488D1F2156278900E79ED1 /* ExtensionDelegate.swift */ = {isa = PBXFileReference; lastKnownFileType = sourcecode.swift; path = ExtensionDelegate.swift; sourceTree = "<group>"; };
		19488D212156278900E79ED1 /* ComplicationController.swift */ = {isa = PBXFileReference; lastKnownFileType = sourcecode.swift; path = ComplicationController.swift; sourceTree = "<group>"; };
		19488D232156278900E79ED1 /* Assets.xcassets */ = {isa = PBXFileReference; lastKnownFileType = folder.assetcatalog; path = Assets.xcassets; sourceTree = "<group>"; };
		19488D252156278900E79ED1 /* Info.plist */ = {isa = PBXFileReference; lastKnownFileType = text.plist.xml; path = Info.plist; sourceTree = "<group>"; };
		194CC9F02145937A00BF1381 /* JrkPlayer.swift */ = {isa = PBXFileReference; lastKnownFileType = sourcecode.swift; path = JrkPlayer.swift; sourceTree = "<group>"; };
		194CC9F52146FF9F00BF1381 /* AVPlayer+isPlaying.swift */ = {isa = PBXFileReference; lastKnownFileType = sourcecode.swift; path = "AVPlayer+isPlaying.swift"; sourceTree = "<group>"; };
		1951E5D82163C84100637ECD /* roi-splash-split-l.png */ = {isa = PBXFileReference; lastKnownFileType = image.png; path = "roi-splash-split-l.png"; sourceTree = "<group>"; };
		1951E5DA2163C84A00637ECD /* roi-splash-split-r.png */ = {isa = PBXFileReference; lastKnownFileType = image.png; path = "roi-splash-split-r.png"; sourceTree = "<group>"; };
		1951E5DC2163EDE200637ECD /* SplitSplashView.swift */ = {isa = PBXFileReference; lastKnownFileType = sourcecode.swift; path = SplitSplashView.swift; sourceTree = "<group>"; };
		195A8756215817A400C8F74D /* ConnectViewController.swift */ = {isa = PBXFileReference; lastKnownFileType = sourcecode.swift; path = ConnectViewController.swift; sourceTree = "<group>"; };
		195A875A21595C8700C8F74D /* StreamContext.swift */ = {isa = PBXFileReference; lastKnownFileType = sourcecode.swift; path = StreamContext.swift; sourceTree = "<group>"; };
		195A875C2159641700C8F74D /* StreamConfig.swift */ = {isa = PBXFileReference; lastKnownFileType = sourcecode.swift; path = StreamConfig.swift; sourceTree = "<group>"; };
		195A875F21596E4D00C8F74D /* Data+toMap.swift */ = {isa = PBXFileReference; lastKnownFileType = sourcecode.swift; path = "Data+toMap.swift"; sourceTree = "<group>"; };
		195A87612159755B00C8F74D /* URLSession+synchronous.swift */ = {isa = PBXFileReference; lastKnownFileType = sourcecode.swift; path = "URLSession+synchronous.swift"; sourceTree = "<group>"; };
		197AD011215C1894009BF079 /* UserDefaults+integer.swift */ = {isa = PBXFileReference; lastKnownFileType = sourcecode.swift; path = "UserDefaults+integer.swift"; sourceTree = "<group>"; };
		197E8E70215AD30300154A23 /* WeakRef.swift */ = {isa = PBXFileReference; lastKnownFileType = sourcecode.swift; path = WeakRef.swift; sourceTree = "<group>"; };
		19BA9DA2214AEA4200BD31D6 /* BufferIndicatorView.swift */ = {isa = PBXFileReference; lastKnownFileType = sourcecode.swift; path = BufferIndicatorView.swift; sourceTree = "<group>"; };
		19BA9DA4214AEDA600BD31D6 /* PlayButton.swift */ = {isa = PBXFileReference; lastKnownFileType = sourcecode.swift; path = PlayButton.swift; sourceTree = "<group>"; };
		19BF64FC214E9813004DD3C9 /* MainViewController.swift */ = {isa = PBXFileReference; lastKnownFileType = sourcecode.swift; path = MainViewController.swift; sourceTree = "<group>"; };
		19BF6500214EA22D004DD3C9 /* ConfigViewController.swift */ = {isa = PBXFileReference; lastKnownFileType = sourcecode.swift; path = ConfigViewController.swift; sourceTree = "<group>"; };
		19C81F12211F527F00BD920E /* roiclient.app */ = {isa = PBXFileReference; explicitFileType = wrapper.application; includeInIndex = 0; path = roiclient.app; sourceTree = BUILT_PRODUCTS_DIR; };
		19C81F15211F527F00BD920E /* AppDelegate.swift */ = {isa = PBXFileReference; lastKnownFileType = sourcecode.swift; path = AppDelegate.swift; sourceTree = "<group>"; };
		19C81F17211F527F00BD920E /* RadioViewController.swift */ = {isa = PBXFileReference; lastKnownFileType = sourcecode.swift; path = RadioViewController.swift; sourceTree = "<group>"; };
		19C81F1A211F527F00BD920E /* Base */ = {isa = PBXFileReference; lastKnownFileType = file.storyboard; name = Base; path = Base.lproj/Main.storyboard; sourceTree = "<group>"; };
		19C81F1C211F528000BD920E /* Assets.xcassets */ = {isa = PBXFileReference; lastKnownFileType = folder.assetcatalog; path = Assets.xcassets; sourceTree = "<group>"; };
		19C81F1F211F528000BD920E /* Base */ = {isa = PBXFileReference; lastKnownFileType = file.storyboard; name = Base; path = Base.lproj/LaunchScreen.storyboard; sourceTree = "<group>"; };
		19C81F21211F528000BD920E /* Info.plist */ = {isa = PBXFileReference; lastKnownFileType = text.plist.xml; path = Info.plist; sourceTree = "<group>"; };
		19E986AA212C71A4006A6976 /* AppConfig.swift */ = {isa = PBXFileReference; lastKnownFileType = sourcecode.swift; path = AppConfig.swift; sourceTree = "<group>"; };
		19E986B0212C75B0006A6976 /* URLProvider.swift */ = {isa = PBXFileReference; lastKnownFileType = sourcecode.swift; path = URLProvider.swift; sourceTree = "<group>"; };
		32E55B0C2B701BB535EEE3B3 /* Pods-ROI client.release.xcconfig */ = {isa = PBXFileReference; includeInIndex = 1; lastKnownFileType = text.xcconfig; name = "Pods-ROI client.release.xcconfig"; path = "Pods/Target Support Files/Pods-ROI client/Pods-ROI client.release.xcconfig"; sourceTree = "<group>"; };
		693DEC2BCED38B7F9FFCD774 /* Pods_roiclientUITests.framework */ = {isa = PBXFileReference; explicitFileType = wrapper.framework; includeInIndex = 0; path = Pods_roiclientUITests.framework; sourceTree = BUILT_PRODUCTS_DIR; };
		8E68886A83DE7EAE835568A1 /* Pods_roiclientTests.framework */ = {isa = PBXFileReference; explicitFileType = wrapper.framework; includeInIndex = 0; path = Pods_roiclientTests.framework; sourceTree = BUILT_PRODUCTS_DIR; };
		AF366E48BB30161F3C368A98 /* Pods_roiclient.framework */ = {isa = PBXFileReference; explicitFileType = wrapper.framework; includeInIndex = 0; path = Pods_roiclient.framework; sourceTree = BUILT_PRODUCTS_DIR; };
		B0269AE7561661DC03A740E0 /* Pods_roiclient.framework */ = {isa = PBXFileReference; explicitFileType = wrapper.framework; includeInIndex = 0; path = Pods_roiclient.framework; sourceTree = BUILT_PRODUCTS_DIR; };
		D3C609CFF459B5A97DA5A2B0 /* Pods-ROI client.debug.xcconfig */ = {isa = PBXFileReference; includeInIndex = 1; lastKnownFileType = text.xcconfig; name = "Pods-ROI client.debug.xcconfig"; path = "Pods/Target Support Files/Pods-ROI client/Pods-ROI client.debug.xcconfig"; sourceTree = "<group>"; };
/* End PBXFileReference section */

/* Begin PBXFrameworksBuildPhase section */
		192E6420BBCD4CCC608CE77B /* Frameworks */ = {
			isa = PBXFrameworksBuildPhase;
			buildActionMask = 2147483647;
			files = (
			);
			runOnlyForDeploymentPostprocessing = 0;
		};
		19488D152156278900E79ED1 /* Frameworks */ = {
			isa = PBXFrameworksBuildPhase;
			buildActionMask = 2147483647;
			files = (
			);
			runOnlyForDeploymentPostprocessing = 0;
		};
		19C81F0F211F527F00BD920E /* Frameworks */ = {
			isa = PBXFrameworksBuildPhase;
			buildActionMask = 2147483647;
			files = (
				19488D092153FAAB00E79ED1 /* Intents.framework in Frameworks */,
				193BC969211F81C6004FF315 /* AudioToolbox.framework in Frameworks */,
				94D804800830664705095770 /* Pods_roiclient.framework in Frameworks */,
				51C821E2396D364811178F9A /* Pods_roiclient.framework in Frameworks */,
			);
			runOnlyForDeploymentPostprocessing = 0;
		};
/* End PBXFrameworksBuildPhase section */

/* Begin PBXGroup section */
		193898512125F5A10043B4B5 /* assets */ = {
			isa = PBXGroup;
			children = (
				1951E5D82163C84100637ECD /* roi-splash-split-l.png */,
				1951E5DA2163C84A00637ECD /* roi-splash-split-r.png */,
				1938986021261A050043B4B5 /* jrk.png */,
			);
			path = assets;
			sourceTree = "<group>";
		};
		193BC967211F81C6004FF315 /* Frameworks */ = {
			isa = PBXGroup;
			children = (
				19488D082153FAAA00E79ED1 /* Intents.framework */,
				193BC968211F81C6004FF315 /* AudioToolbox.framework */,
				AF366E48BB30161F3C368A98 /* Pods_roiclient.framework */,
				8E68886A83DE7EAE835568A1 /* Pods_roiclientTests.framework */,
				693DEC2BCED38B7F9FFCD774 /* Pods_roiclientUITests.framework */,
				B0269AE7561661DC03A740E0 /* Pods_roiclient.framework */,
			);
			name = Frameworks;
			sourceTree = "<group>";
		};
		19488D0D2156278600E79ED1 /* watchapp */ = {
			isa = PBXGroup;
			children = (
				19488D0E2156278600E79ED1 /* Interface.storyboard */,
				19488D112156278800E79ED1 /* Assets.xcassets */,
				19488D132156278800E79ED1 /* Info.plist */,
			);
			path = watchapp;
			sourceTree = "<group>";
		};
		19488D1C2156278900E79ED1 /* watchapp Extension */ = {
			isa = PBXGroup;
			children = (
				19488D1D2156278900E79ED1 /* InterfaceController.swift */,
				19488D1F2156278900E79ED1 /* ExtensionDelegate.swift */,
				19488D212156278900E79ED1 /* ComplicationController.swift */,
				19488D232156278900E79ED1 /* Assets.xcassets */,
				19488D252156278900E79ED1 /* Info.plist */,
			);
			path = "watchapp Extension";
			sourceTree = "<group>";
		};
		194CC9EF2145929200BF1381 /* source */ = {
			isa = PBXGroup;
			children = (
				195A875E2159642500C8F74D /* stream */,
				19BF64FF214EA188004DD3C9 /* viewcontroller */,
				19BF64FE214EA14C004DD3C9 /* view */,
				194CC9F42146FF9100BF1381 /* extensions */,
				19C81F15211F527F00BD920E /* AppDelegate.swift */,
				1915514D214ED2160029AC79 /* EventIDs.swift */,
				1920491E215658500093352C /* WatchSessionHandler.swift */,
				197E8E70215AD30300154A23 /* WeakRef.swift */,
			);
			name = source;
			sourceTree = "<group>";
		};
		194CC9F42146FF9100BF1381 /* extensions */ = {
			isa = PBXGroup;
			children = (
				1938985E21260F020043B4B5 /* NSObject+jsonInit.swift */,
				194CC9F52146FF9F00BF1381 /* AVPlayer+isPlaying.swift */,
				195A875F21596E4D00C8F74D /* Data+toMap.swift */,
				195A87612159755B00C8F74D /* URLSession+synchronous.swift */,
				197AD011215C1894009BF079 /* UserDefaults+integer.swift */,
			);
			name = extensions;
			sourceTree = "<group>";
		};
		195A875E2159642500C8F74D /* stream */ = {
			isa = PBXGroup;
			children = (
				1938985C21260CD20043B4B5 /* InfoRetriever.swift */,
				19E986AA212C71A4006A6976 /* AppConfig.swift */,
				19E986B0212C75B0006A6976 /* URLProvider.swift */,
				194CC9F02145937A00BF1381 /* JrkPlayer.swift */,
				19155149214EBE4C0029AC79 /* NowPlayingConfiguration.swift */,
				1915514B214ECA620029AC79 /* NowPlayingData.swift */,
				195A875A21595C8700C8F74D /* StreamContext.swift */,
				195A875C2159641700C8F74D /* StreamConfig.swift */,
				193656312168BD9300470BC7 /* EventLog.swift */,
			);
			name = stream;
			sourceTree = "<group>";
		};
		195D97992150391600294AAF /* UI */ = {
			isa = PBXGroup;
			children = (
				19C81F19211F527F00BD920E /* Main.storyboard */,
				19C81F1E211F528000BD920E /* LaunchScreen.storyboard */,
			);
			path = UI;
			sourceTree = "<group>";
		};
		19BF64FE214EA14C004DD3C9 /* view */ = {
			isa = PBXGroup;
			children = (
				19BA9DA2214AEA4200BD31D6 /* BufferIndicatorView.swift */,
				19BA9DA4214AEDA600BD31D6 /* PlayButton.swift */,
				1951E5DC2163EDE200637ECD /* SplitSplashView.swift */,
			);
			name = view;
			sourceTree = "<group>";
		};
		19BF64FF214EA188004DD3C9 /* viewcontroller */ = {
			isa = PBXGroup;
			children = (
				19C81F17211F527F00BD920E /* RadioViewController.swift */,
				19BF64FC214E9813004DD3C9 /* MainViewController.swift */,
				19BF6500214EA22D004DD3C9 /* ConfigViewController.swift */,
				195A8756215817A400C8F74D /* ConnectViewController.swift */,
				193656332168C57D00470BC7 /* EventLogViewController.swift */,
				19365635216915E800470BC7 /* PlayHistoryViewController.swift */,
			);
			name = viewcontroller;
			sourceTree = "<group>";
		};
		19C81F09211F527F00BD920E = {
			isa = PBXGroup;
			children = (
				19C81F14211F527F00BD920E /* client */,
				19488D0D2156278600E79ED1 /* watchapp */,
				19488D1C2156278900E79ED1 /* watchapp Extension */,
				19C81F13211F527F00BD920E /* Products */,
				193BC967211F81C6004FF315 /* Frameworks */,
				43E65CB4CD27275EBC9146D9 /* Pods */,
			);
			sourceTree = "<group>";
		};
		19C81F13211F527F00BD920E /* Products */ = {
			isa = PBXGroup;
			children = (
				19C81F12211F527F00BD920E /* roiclient.app */,
				19488D0C2156278600E79ED1 /* watch.app */,
				19488D182156278900E79ED1 /* watch extension.appex */,
			);
			name = Products;
			sourceTree = "<group>";
		};
		19C81F14211F527F00BD920E /* client */ = {
			isa = PBXGroup;
			children = (
				195D97992150391600294AAF /* UI */,
				193BC966211F81C6004FF315 /* client.entitlements */,
				194CC9EF2145929200BF1381 /* source */,
				193898512125F5A10043B4B5 /* assets */,
				19C81F1C211F528000BD920E /* Assets.xcassets */,
				19C81F21211F528000BD920E /* Info.plist */,
			);
			path = client;
			sourceTree = "<group>";
		};
		43E65CB4CD27275EBC9146D9 /* Pods */ = {
			isa = PBXGroup;
			children = (
				17BEA54544436B6E3E0C0E14 /* Pods-roiclient.debug.xcconfig */,
				0DB9E496FA0AE64F874ABD8E /* Pods-roiclient.release.xcconfig */,
				D3C609CFF459B5A97DA5A2B0 /* Pods-ROI client.debug.xcconfig */,
				32E55B0C2B701BB535EEE3B3 /* Pods-ROI client.release.xcconfig */,
			);
			name = Pods;
			sourceTree = "<group>";
		};
/* End PBXGroup section */

/* Begin PBXNativeTarget section */
		19488D0B2156278600E79ED1 /* watch */ = {
			isa = PBXNativeTarget;
			buildConfigurationList = 19488D2D2156278900E79ED1 /* Build configuration list for PBXNativeTarget "watch" */;
			buildPhases = (
				19488D0A2156278600E79ED1 /* Resources */,
				19488D2C2156278900E79ED1 /* Embed App Extensions */,
				192E6420BBCD4CCC608CE77B /* Frameworks */,
			);
			buildRules = (
			);
			dependencies = (
				19488D1B2156278900E79ED1 /* PBXTargetDependency */,
			);
			name = watch;
			productName = watchapp;
			productReference = 19488D0C2156278600E79ED1 /* watch.app */;
			productType = "com.apple.product-type.application.watchapp2";
		};
		19488D172156278900E79ED1 /* watch extension */ = {
			isa = PBXNativeTarget;
			buildConfigurationList = 19488D292156278900E79ED1 /* Build configuration list for PBXNativeTarget "watch extension" */;
			buildPhases = (
				19488D142156278900E79ED1 /* Sources */,
				19488D152156278900E79ED1 /* Frameworks */,
				19488D162156278900E79ED1 /* Resources */,
			);
			buildRules = (
			);
			dependencies = (
			);
			name = "watch extension";
			productName = "watchapp Extension";
			productReference = 19488D182156278900E79ED1 /* watch extension.appex */;
			productType = "com.apple.product-type.watchkit2-extension";
		};
		19C81F11211F527F00BD920E /* roiclient */ = {
			isa = PBXNativeTarget;
			buildConfigurationList = 19C81F3A211F528000BD920E /* Build configuration list for PBXNativeTarget "roiclient" */;
			buildPhases = (
				E30A61EAA757CC8A65BF86A5 /* [CP] Check Pods Manifest.lock */,
				19C81F0E211F527F00BD920E /* Sources */,
				19C81F0F211F527F00BD920E /* Frameworks */,
				19C81F10211F527F00BD920E /* Resources */,
				6DD8E214B542E07ABA0FBB18 /* [CP] Embed Pods Frameworks */,
				19488D302156278900E79ED1 /* Embed Watch Content */,
			);
			buildRules = (
			);
			dependencies = (
				19488D272156278900E79ED1 /* PBXTargetDependency */,
			);
			name = roiclient;
			productName = client;
			productReference = 19C81F12211F527F00BD920E /* roiclient.app */;
			productType = "com.apple.product-type.application";
		};
/* End PBXNativeTarget section */

/* Begin PBXProject section */
		19C81F0A211F527F00BD920E /* Project object */ = {
			isa = PBXProject;
			attributes = {
				LastSwiftUpdateCheck = 1000;
				LastUpgradeCheck = 0940;
				ORGANIZATIONNAME = pimms;
				TargetAttributes = {
					19488D0B2156278600E79ED1 = {
						CreatedOnToolsVersion = 10.0;
					};
					19488D172156278900E79ED1 = {
						CreatedOnToolsVersion = 10.0;
					};
					19C81F11211F527F00BD920E = {
						CreatedOnToolsVersion = 9.4.1;
						SystemCapabilities = {
							com.apple.BackgroundModes = {
								enabled = 1;
							};
							com.apple.InterAppAudio = {
								enabled = 1;
							};
							com.apple.Siri = {
								enabled = 1;
							};
						};
					};
				};
			};
			buildConfigurationList = 19C81F0D211F527F00BD920E /* Build configuration list for PBXProject "roiclient" */;
			compatibilityVersion = "Xcode 9.3";
			developmentRegion = en;
			hasScannedForEncodings = 0;
			knownRegions = (
				en,
				Base,
			);
			mainGroup = 19C81F09211F527F00BD920E;
			productRefGroup = 19C81F13211F527F00BD920E /* Products */;
			projectDirPath = "";
			projectRoot = "";
			targets = (
				19C81F11211F527F00BD920E /* roiclient */,
				19488D0B2156278600E79ED1 /* watch */,
				19488D172156278900E79ED1 /* watch extension */,
			);
		};
/* End PBXProject section */

/* Begin PBXResourcesBuildPhase section */
		19488D0A2156278600E79ED1 /* Resources */ = {
			isa = PBXResourcesBuildPhase;
			buildActionMask = 2147483647;
			files = (
				19488D122156278800E79ED1 /* Assets.xcassets in Resources */,
				19488D102156278600E79ED1 /* Interface.storyboard in Resources */,
			);
			runOnlyForDeploymentPostprocessing = 0;
		};
		19488D162156278900E79ED1 /* Resources */ = {
			isa = PBXResourcesBuildPhase;
			buildActionMask = 2147483647;
			files = (
				19488D242156278900E79ED1 /* Assets.xcassets in Resources */,
			);
			runOnlyForDeploymentPostprocessing = 0;
		};
		19C81F10211F527F00BD920E /* Resources */ = {
			isa = PBXResourcesBuildPhase;
			buildActionMask = 2147483647;
			files = (
				19C81F20211F528000BD920E /* LaunchScreen.storyboard in Resources */,
				19C81F1D211F528000BD920E /* Assets.xcassets in Resources */,
				1951E5D92163C84100637ECD /* roi-splash-split-l.png in Resources */,
				19C81F1B211F527F00BD920E /* Main.storyboard in Resources */,
				1938986121261A050043B4B5 /* jrk.png in Resources */,
				1951E5DB2163C84A00637ECD /* roi-splash-split-r.png in Resources */,
			);
			runOnlyForDeploymentPostprocessing = 0;
		};
/* End PBXResourcesBuildPhase section */

/* Begin PBXShellScriptBuildPhase section */
		6DD8E214B542E07ABA0FBB18 /* [CP] Embed Pods Frameworks */ = {
			isa = PBXShellScriptBuildPhase;
			buildActionMask = 2147483647;
			files = (
			);
			inputFileListPaths = (
			);
			inputPaths = (
				"${SRCROOT}/Pods/Target Support Files/Pods-roiclient/Pods-roiclient-frameworks.sh",
				"${BUILT_PRODUCTS_DIR}/DottedProgressBar/DottedProgressBar.framework",
				"${BUILT_PRODUCTS_DIR}/DynamicButton/DynamicButton.framework",
				"${BUILT_PRODUCTS_DIR}/KDEAudioPlayer/KDEAudioPlayer.framework",
				"${BUILT_PRODUCTS_DIR}/LGSideMenuController/LGSideMenuController.framework",
				"${BUILT_PRODUCTS_DIR}/SwiftEventBus/SwiftEventBus.framework",
			);
			name = "[CP] Embed Pods Frameworks";
			outputFileListPaths = (
			);
			outputPaths = (
				"${TARGET_BUILD_DIR}/${FRAMEWORKS_FOLDER_PATH}/DottedProgressBar.framework",
				"${TARGET_BUILD_DIR}/${FRAMEWORKS_FOLDER_PATH}/DynamicButton.framework",
				"${TARGET_BUILD_DIR}/${FRAMEWORKS_FOLDER_PATH}/KDEAudioPlayer.framework",
				"${TARGET_BUILD_DIR}/${FRAMEWORKS_FOLDER_PATH}/LGSideMenuController.framework",
				"${TARGET_BUILD_DIR}/${FRAMEWORKS_FOLDER_PATH}/SwiftEventBus.framework",
			);
			runOnlyForDeploymentPostprocessing = 0;
			shellPath = /bin/sh;
			shellScript = "\"${SRCROOT}/Pods/Target Support Files/Pods-roiclient/Pods-roiclient-frameworks.sh\"\n";
			showEnvVarsInLog = 0;
		};
		E30A61EAA757CC8A65BF86A5 /* [CP] Check Pods Manifest.lock */ = {
			isa = PBXShellScriptBuildPhase;
			buildActionMask = 2147483647;
			files = (
			);
			inputFileListPaths = (
			);
			inputPaths = (
				"${PODS_PODFILE_DIR_PATH}/Podfile.lock",
				"${PODS_ROOT}/Manifest.lock",
			);
			name = "[CP] Check Pods Manifest.lock";
			outputFileListPaths = (
			);
			outputPaths = (
				"$(DERIVED_FILE_DIR)/Pods-roiclient-checkManifestLockResult.txt",
			);
			runOnlyForDeploymentPostprocessing = 0;
			shellPath = /bin/sh;
			shellScript = "diff \"${PODS_PODFILE_DIR_PATH}/Podfile.lock\" \"${PODS_ROOT}/Manifest.lock\" > /dev/null\nif [ $? != 0 ] ; then\n    # print error to STDERR\n    echo \"error: The sandbox is not in sync with the Podfile.lock. Run 'pod install' or update your CocoaPods installation.\" >&2\n    exit 1\nfi\n# This output is used by Xcode 'outputs' to avoid re-running this script phase.\necho \"SUCCESS\" > \"${SCRIPT_OUTPUT_FILE_0}\"\n";
			showEnvVarsInLog = 0;
		};
/* End PBXShellScriptBuildPhase section */

/* Begin PBXSourcesBuildPhase section */
		19488D142156278900E79ED1 /* Sources */ = {
			isa = PBXSourcesBuildPhase;
			buildActionMask = 2147483647;
			files = (
				19488D202156278900E79ED1 /* ExtensionDelegate.swift in Sources */,
				19488D1E2156278900E79ED1 /* InterfaceController.swift in Sources */,
				19488D222156278900E79ED1 /* ComplicationController.swift in Sources */,
			);
			runOnlyForDeploymentPostprocessing = 0;
		};
		19C81F0E211F527F00BD920E /* Sources */ = {
			isa = PBXSourcesBuildPhase;
			buildActionMask = 2147483647;
			files = (
				193656342168C57D00470BC7 /* EventLogViewController.swift in Sources */,
				195A8757215817A400C8F74D /* ConnectViewController.swift in Sources */,
				195A87622159755B00C8F74D /* URLSession+synchronous.swift in Sources */,
				1938985D21260CD20043B4B5 /* InfoRetriever.swift in Sources */,
				19BF64FD214E9813004DD3C9 /* MainViewController.swift in Sources */,
				19BF6501214EA22D004DD3C9 /* ConfigViewController.swift in Sources */,
				1915514E214ED2160029AC79 /* EventIDs.swift in Sources */,
				195A875D2159641700C8F74D /* StreamConfig.swift in Sources */,
				195A876021596E4D00C8F74D /* Data+toMap.swift in Sources */,
				1915514C214ECA620029AC79 /* NowPlayingData.swift in Sources */,
				19BA9DA5214AEDA600BD31D6 /* PlayButton.swift in Sources */,
				1951E5DD2163EDE200637ECD /* SplitSplashView.swift in Sources */,
				197AD012215C1894009BF079 /* UserDefaults+integer.swift in Sources */,
				1915514A214EBE4C0029AC79 /* NowPlayingConfiguration.swift in Sources */,
				19E986AB212C71A4006A6976 /* AppConfig.swift in Sources */,
				197E8E71215AD30300154A23 /* WeakRef.swift in Sources */,
				195A875B21595C8700C8F74D /* StreamContext.swift in Sources */,
				19365636216915E800470BC7 /* PlayHistoryViewController.swift in Sources */,
				193656322168BD9300470BC7 /* EventLog.swift in Sources */,
				194CC9F62146FF9F00BF1381 /* AVPlayer+isPlaying.swift in Sources */,
				19E986B1212C75B0006A6976 /* URLProvider.swift in Sources */,
				19C81F18211F527F00BD920E /* RadioViewController.swift in Sources */,
				19C81F16211F527F00BD920E /* AppDelegate.swift in Sources */,
				1938985F21260F020043B4B5 /* NSObject+jsonInit.swift in Sources */,
				1920491F215658500093352C /* WatchSessionHandler.swift in Sources */,
				19BA9DA3214AEA4200BD31D6 /* BufferIndicatorView.swift in Sources */,
				194CC9F12145937A00BF1381 /* JrkPlayer.swift in Sources */,
			);
			runOnlyForDeploymentPostprocessing = 0;
		};
/* End PBXSourcesBuildPhase section */

/* Begin PBXTargetDependency section */
		19488D1B2156278900E79ED1 /* PBXTargetDependency */ = {
			isa = PBXTargetDependency;
			target = 19488D172156278900E79ED1 /* watch extension */;
			targetProxy = 19488D1A2156278900E79ED1 /* PBXContainerItemProxy */;
		};
		19488D272156278900E79ED1 /* PBXTargetDependency */ = {
			isa = PBXTargetDependency;
			target = 19488D0B2156278600E79ED1 /* watch */;
			targetProxy = 19488D262156278900E79ED1 /* PBXContainerItemProxy */;
		};
/* End PBXTargetDependency section */

/* Begin PBXVariantGroup section */
		19488D0E2156278600E79ED1 /* Interface.storyboard */ = {
			isa = PBXVariantGroup;
			children = (
				19488D0F2156278600E79ED1 /* Base */,
			);
			name = Interface.storyboard;
			sourceTree = "<group>";
		};
		19C81F19211F527F00BD920E /* Main.storyboard */ = {
			isa = PBXVariantGroup;
			children = (
				19C81F1A211F527F00BD920E /* Base */,
			);
			name = Main.storyboard;
			sourceTree = "<group>";
		};
		19C81F1E211F528000BD920E /* LaunchScreen.storyboard */ = {
			isa = PBXVariantGroup;
			children = (
				19C81F1F211F528000BD920E /* Base */,
			);
			name = LaunchScreen.storyboard;
			sourceTree = "<group>";
		};
/* End PBXVariantGroup section */

/* Begin XCBuildConfiguration section */
		19488D2A2156278900E79ED1 /* Debug */ = {
			isa = XCBuildConfiguration;
			buildSettings = {
				ASSETCATALOG_COMPILER_COMPLICATION_NAME = Complication;
				CODE_SIGN_STYLE = Automatic;
				DEVELOPMENT_TEAM = WSQ25TFDK3;
				INFOPLIST_FILE = "watchapp Extension/Info.plist";
				LD_RUNPATH_SEARCH_PATHS = (
					"$(inherited)",
					"@executable_path/Frameworks",
					"@executable_path/../../Frameworks",
				);
				MTL_ENABLE_DEBUG_INFO = INCLUDE_SOURCE;
				MTL_FAST_MATH = YES;
				PRODUCT_BUNDLE_IDENTIFIER = no.jstien.roi.watchkitapp.watchkitextension;
				PRODUCT_NAME = "${TARGET_NAME}";
				SDKROOT = watchos;
				SKIP_INSTALL = YES;
				SWIFT_VERSION = 4.2;
				TARGETED_DEVICE_FAMILY = 4;
				WATCHOS_DEPLOYMENT_TARGET = 5.0;
			};
			name = Debug;
		};
		19488D2B2156278900E79ED1 /* Release */ = {
			isa = XCBuildConfiguration;
			buildSettings = {
				ASSETCATALOG_COMPILER_COMPLICATION_NAME = Complication;
				CODE_SIGN_STYLE = Automatic;
				DEVELOPMENT_TEAM = WSQ25TFDK3;
				INFOPLIST_FILE = "watchapp Extension/Info.plist";
				LD_RUNPATH_SEARCH_PATHS = (
					"$(inherited)",
					"@executable_path/Frameworks",
					"@executable_path/../../Frameworks",
				);
				MTL_FAST_MATH = YES;
				PRODUCT_BUNDLE_IDENTIFIER = no.jstien.roi.watchkitapp.watchkitextension;
				PRODUCT_NAME = "${TARGET_NAME}";
				SDKROOT = watchos;
				SKIP_INSTALL = YES;
				SWIFT_VERSION = 4.2;
				TARGETED_DEVICE_FAMILY = 4;
				WATCHOS_DEPLOYMENT_TARGET = 5.0;
			};
			name = Release;
		};
		19488D2E2156278900E79ED1 /* Debug */ = {
			isa = XCBuildConfiguration;
			buildSettings = {
				ALWAYS_EMBED_SWIFT_STANDARD_LIBRARIES = YES;
				ASSETCATALOG_COMPILER_APPICON_NAME = AppIcon;
				CODE_SIGN_STYLE = Automatic;
				DEVELOPMENT_TEAM = WSQ25TFDK3;
				IBSC_MODULE = watchapp_Extension;
				INFOPLIST_FILE = watchapp/Info.plist;
				MTL_ENABLE_DEBUG_INFO = INCLUDE_SOURCE;
				MTL_FAST_MATH = YES;
				PRODUCT_BUNDLE_IDENTIFIER = no.jstien.roi.watchkitapp;
				PRODUCT_NAME = "$(TARGET_NAME)";
				SDKROOT = watchos;
				SKIP_INSTALL = YES;
				SWIFT_VERSION = 4.2;
				TARGETED_DEVICE_FAMILY = 4;
				WATCHOS_DEPLOYMENT_TARGET = 5.0;
			};
			name = Debug;
		};
		19488D2F2156278900E79ED1 /* Release */ = {
			isa = XCBuildConfiguration;
			buildSettings = {
				ALWAYS_EMBED_SWIFT_STANDARD_LIBRARIES = YES;
				ASSETCATALOG_COMPILER_APPICON_NAME = AppIcon;
				CODE_SIGN_STYLE = Automatic;
				DEVELOPMENT_TEAM = WSQ25TFDK3;
				IBSC_MODULE = watchapp_Extension;
				INFOPLIST_FILE = watchapp/Info.plist;
				MTL_FAST_MATH = YES;
				PRODUCT_BUNDLE_IDENTIFIER = no.jstien.roi.watchkitapp;
				PRODUCT_NAME = "$(TARGET_NAME)";
				SDKROOT = watchos;
				SKIP_INSTALL = YES;
				SWIFT_VERSION = 4.2;
				TARGETED_DEVICE_FAMILY = 4;
				WATCHOS_DEPLOYMENT_TARGET = 5.0;
			};
			name = Release;
		};
		19C81F38211F528000BD920E /* Debug */ = {
			isa = XCBuildConfiguration;
			buildSettings = {
				ALWAYS_SEARCH_USER_PATHS = NO;
				CLANG_ANALYZER_NONNULL = YES;
				CLANG_ANALYZER_NUMBER_OBJECT_CONVERSION = YES_AGGRESSIVE;
				CLANG_CXX_LANGUAGE_STANDARD = "gnu++14";
				CLANG_CXX_LIBRARY = "libc++";
				CLANG_ENABLE_MODULES = YES;
				CLANG_ENABLE_OBJC_ARC = YES;
				CLANG_ENABLE_OBJC_WEAK = YES;
				CLANG_WARN_BLOCK_CAPTURE_AUTORELEASING = YES;
				CLANG_WARN_BOOL_CONVERSION = YES;
				CLANG_WARN_COMMA = YES;
				CLANG_WARN_CONSTANT_CONVERSION = YES;
				CLANG_WARN_DEPRECATED_OBJC_IMPLEMENTATIONS = YES;
				CLANG_WARN_DIRECT_OBJC_ISA_USAGE = YES_ERROR;
				CLANG_WARN_DOCUMENTATION_COMMENTS = YES;
				CLANG_WARN_EMPTY_BODY = YES;
				CLANG_WARN_ENUM_CONVERSION = YES;
				CLANG_WARN_INFINITE_RECURSION = YES;
				CLANG_WARN_INT_CONVERSION = YES;
				CLANG_WARN_NON_LITERAL_NULL_CONVERSION = YES;
				CLANG_WARN_OBJC_IMPLICIT_RETAIN_SELF = YES;
				CLANG_WARN_OBJC_LITERAL_CONVERSION = YES;
				CLANG_WARN_OBJC_ROOT_CLASS = YES_ERROR;
				CLANG_WARN_RANGE_LOOP_ANALYSIS = YES;
				CLANG_WARN_STRICT_PROTOTYPES = YES;
				CLANG_WARN_SUSPICIOUS_MOVE = YES;
				CLANG_WARN_UNGUARDED_AVAILABILITY = YES_AGGRESSIVE;
				CLANG_WARN_UNREACHABLE_CODE = YES;
				CLANG_WARN__DUPLICATE_METHOD_MATCH = YES;
				CODE_SIGN_IDENTITY = "iPhone Developer";
				COPY_PHASE_STRIP = NO;
				DEBUG_INFORMATION_FORMAT = dwarf;
				ENABLE_STRICT_OBJC_MSGSEND = YES;
				ENABLE_TESTABILITY = YES;
				GCC_C_LANGUAGE_STANDARD = gnu11;
				GCC_DYNAMIC_NO_PIC = NO;
				GCC_NO_COMMON_BLOCKS = YES;
				GCC_OPTIMIZATION_LEVEL = 0;
				GCC_PREPROCESSOR_DEFINITIONS = (
					"DEBUG=1",
					"$(inherited)",
				);
				GCC_WARN_64_TO_32_BIT_CONVERSION = YES;
				GCC_WARN_ABOUT_RETURN_TYPE = YES_ERROR;
				GCC_WARN_UNDECLARED_SELECTOR = YES;
				GCC_WARN_UNINITIALIZED_AUTOS = YES_AGGRESSIVE;
				GCC_WARN_UNUSED_FUNCTION = YES;
				GCC_WARN_UNUSED_VARIABLE = YES;
				IPHONEOS_DEPLOYMENT_TARGET = 12.0;
				MTL_ENABLE_DEBUG_INFO = YES;
				ONLY_ACTIVE_ARCH = YES;
				SDKROOT = iphoneos;
				SWIFT_ACTIVE_COMPILATION_CONDITIONS = DEBUG;
				SWIFT_OPTIMIZATION_LEVEL = "-Onone";
			};
			name = Debug;
		};
		19C81F39211F528000BD920E /* Release */ = {
			isa = XCBuildConfiguration;
			buildSettings = {
				ALWAYS_SEARCH_USER_PATHS = NO;
				CLANG_ANALYZER_NONNULL = YES;
				CLANG_ANALYZER_NUMBER_OBJECT_CONVERSION = YES_AGGRESSIVE;
				CLANG_CXX_LANGUAGE_STANDARD = "gnu++14";
				CLANG_CXX_LIBRARY = "libc++";
				CLANG_ENABLE_MODULES = YES;
				CLANG_ENABLE_OBJC_ARC = YES;
				CLANG_ENABLE_OBJC_WEAK = YES;
				CLANG_WARN_BLOCK_CAPTURE_AUTORELEASING = YES;
				CLANG_WARN_BOOL_CONVERSION = YES;
				CLANG_WARN_COMMA = YES;
				CLANG_WARN_CONSTANT_CONVERSION = YES;
				CLANG_WARN_DEPRECATED_OBJC_IMPLEMENTATIONS = YES;
				CLANG_WARN_DIRECT_OBJC_ISA_USAGE = YES_ERROR;
				CLANG_WARN_DOCUMENTATION_COMMENTS = YES;
				CLANG_WARN_EMPTY_BODY = YES;
				CLANG_WARN_ENUM_CONVERSION = YES;
				CLANG_WARN_INFINITE_RECURSION = YES;
				CLANG_WARN_INT_CONVERSION = YES;
				CLANG_WARN_NON_LITERAL_NULL_CONVERSION = YES;
				CLANG_WARN_OBJC_IMPLICIT_RETAIN_SELF = YES;
				CLANG_WARN_OBJC_LITERAL_CONVERSION = YES;
				CLANG_WARN_OBJC_ROOT_CLASS = YES_ERROR;
				CLANG_WARN_RANGE_LOOP_ANALYSIS = YES;
				CLANG_WARN_STRICT_PROTOTYPES = YES;
				CLANG_WARN_SUSPICIOUS_MOVE = YES;
				CLANG_WARN_UNGUARDED_AVAILABILITY = YES_AGGRESSIVE;
				CLANG_WARN_UNREACHABLE_CODE = YES;
				CLANG_WARN__DUPLICATE_METHOD_MATCH = YES;
				CODE_SIGN_IDENTITY = "iPhone Developer";
				COPY_PHASE_STRIP = NO;
				DEBUG_INFORMATION_FORMAT = "dwarf-with-dsym";
				ENABLE_NS_ASSERTIONS = NO;
				ENABLE_STRICT_OBJC_MSGSEND = YES;
				GCC_C_LANGUAGE_STANDARD = gnu11;
				GCC_NO_COMMON_BLOCKS = YES;
				GCC_WARN_64_TO_32_BIT_CONVERSION = YES;
				GCC_WARN_ABOUT_RETURN_TYPE = YES_ERROR;
				GCC_WARN_UNDECLARED_SELECTOR = YES;
				GCC_WARN_UNINITIALIZED_AUTOS = YES_AGGRESSIVE;
				GCC_WARN_UNUSED_FUNCTION = YES;
				GCC_WARN_UNUSED_VARIABLE = YES;
				IPHONEOS_DEPLOYMENT_TARGET = 12.0;
				MTL_ENABLE_DEBUG_INFO = NO;
				SDKROOT = iphoneos;
				SWIFT_COMPILATION_MODE = wholemodule;
				SWIFT_OPTIMIZATION_LEVEL = "-O";
				VALIDATE_PRODUCT = YES;
			};
			name = Release;
		};
		19C81F3B211F528000BD920E /* Debug */ = {
			isa = XCBuildConfiguration;
			baseConfigurationReference = 17BEA54544436B6E3E0C0E14 /* Pods-roiclient.debug.xcconfig */;
			buildSettings = {
				ASSETCATALOG_COMPILER_APPICON_NAME = AppIcon;
				CODE_SIGN_ENTITLEMENTS = client/client.entitlements;
				CODE_SIGN_STYLE = Automatic;
				DEVELOPMENT_TEAM = WSQ25TFDK3;
				INFOPLIST_FILE = client/Info.plist;
				IPHONEOS_DEPLOYMENT_TARGET = 12.0;
				LD_RUNPATH_SEARCH_PATHS = (
					"$(inherited)",
					"@executable_path/Frameworks",
				);
				PRODUCT_BUNDLE_IDENTIFIER = no.jstien.roi;
				PRODUCT_NAME = "$(TARGET_NAME)";
				SWIFT_VERSION = 4.0;
				TARGETED_DEVICE_FAMILY = "1,2";
			};
			name = Debug;
		};
		19C81F3C211F528000BD920E /* Release */ = {
			isa = XCBuildConfiguration;
			baseConfigurationReference = 0DB9E496FA0AE64F874ABD8E /* Pods-roiclient.release.xcconfig */;
			buildSettings = {
				ASSETCATALOG_COMPILER_APPICON_NAME = AppIcon;
				CODE_SIGN_ENTITLEMENTS = client/client.entitlements;
				CODE_SIGN_STYLE = Automatic;
				DEVELOPMENT_TEAM = WSQ25TFDK3;
				INFOPLIST_FILE = client/Info.plist;
				IPHONEOS_DEPLOYMENT_TARGET = 12.0;
				LD_RUNPATH_SEARCH_PATHS = (
					"$(inherited)",
					"@executable_path/Frameworks",
				);
				PRODUCT_BUNDLE_IDENTIFIER = no.jstien.roi;
				PRODUCT_NAME = "$(TARGET_NAME)";
				SWIFT_VERSION = 4.0;
				TARGETED_DEVICE_FAMILY = "1,2";
			};
			name = Release;
		};
/* End XCBuildConfiguration section */

/* Begin XCConfigurationList section */
		19488D292156278900E79ED1 /* Build configuration list for PBXNativeTarget "watch extension" */ = {
			isa = XCConfigurationList;
			buildConfigurations = (
				19488D2A2156278900E79ED1 /* Debug */,
				19488D2B2156278900E79ED1 /* Release */,
			);
			defaultConfigurationIsVisible = 0;
			defaultConfigurationName = Release;
		};
		19488D2D2156278900E79ED1 /* Build configuration list for PBXNativeTarget "watch" */ = {
			isa = XCConfigurationList;
			buildConfigurations = (
				19488D2E2156278900E79ED1 /* Debug */,
				19488D2F2156278900E79ED1 /* Release */,
			);
			defaultConfigurationIsVisible = 0;
			defaultConfigurationName = Release;
		};
		19C81F0D211F527F00BD920E /* Build configuration list for PBXProject "roiclient" */ = {
			isa = XCConfigurationList;
			buildConfigurations = (
				19C81F38211F528000BD920E /* Debug */,
				19C81F39211F528000BD920E /* Release */,
			);
			defaultConfigurationIsVisible = 0;
			defaultConfigurationName = Release;
		};
		19C81F3A211F528000BD920E /* Build configuration list for PBXNativeTarget "roiclient" */ = {
			isa = XCConfigurationList;
			buildConfigurations = (
				19C81F3B211F528000BD920E /* Debug */,
				19C81F3C211F528000BD920E /* Release */,
			);
			defaultConfigurationIsVisible = 0;
			defaultConfigurationName = Release;
		};
/* End XCConfigurationList section */
	};
	rootObject = 19C81F0A211F527F00BD920E /* Project object */;
}
